
Microsoft Visual Studio Solution File, Format Version 12.00
# Visual Studio Version 16
VisualStudioVersion = 16.0.29920.165
MinimumVisualStudioVersion = 10.0.40219.1
Project("{FAE04EC0-301F-11D3-BF4B-00C04F79EFBC}") = "remote-shell", "remote-shell\remote-shell.csproj", "{6D0F0089-16ED-460A-ABBC-D989C1F959A2}"
EndProject
Global
	GlobalSection(SolutionConfigurationPlatforms) = preSolution
		Debug|Any CPU = Debug|Any CPU
		Release|Any CPU = Release|Any CPU
	EndGlobalSection
	GlobalSection(ProjectConfigurationPlatforms) = postSolution
		{6D0F0089-16ED-460A-ABBC-D989C1F959A2}.Debug|Any CPU.ActiveCfg = Debug|Any CPU
		{6D0F0089-16ED-460A-ABBC-D989C1F959A2}.Debug|Any CPU.Build.0 = Debug|Any CPU
		{6D0F0089-16ED-460A-ABBC-D989C1F959A2}.Release|Any CPU.ActiveCfg = Release|Any CPU
		{6D0F0089-16ED-460A-ABBC-D989C1F959A2}.Release|Any CPU.Build.0 = Release|Any CPU
	EndGlobalSection
	GlobalSection(SolutionProperties) = preSolution
		HideSolutionNode = FALSE
	EndGlobalSection
	GlobalSection(ExtensibilityGlobals) = postSolution
		SolutionGuid = {BE789BC7-15F9-442A-87D2-C5DF082D68B5}
	EndGlobalSection
EndGlobal
